
Microsoft Visual Studio Solution File, Format Version 12.00
# Visual Studio 15
VisualStudioVersion = 15.0.26430.13
MinimumVisualStudioVersion = 10.0.40219.1
Project("{FAE04EC0-301F-11D3-BF4B-00C04F79EFBC}") = "while loop add", "while loop\while loop add.csproj", "{B0C26E40-8FC1-47A0-B88B-EB153A22F73C}"
EndProject
Global
	GlobalSection(SolutionConfigurationPlatforms) = preSolution
		Debug|Any CPU = Debug|Any CPU
		Release|Any CPU = Release|Any CPU
	EndGlobalSection
	GlobalSection(ProjectConfigurationPlatforms) = postSolution
		{B0C26E40-8FC1-47A0-B88B-EB153A22F73C}.Debug|Any CPU.ActiveCfg = Debug|Any CPU
		{B0C26E40-8FC1-47A0-B88B-EB153A22F73C}.Debug|Any CPU.Build.0 = Debug|Any CPU
		{B0C26E40-8FC1-47A0-B88B-EB153A22F73C}.Release|Any CPU.ActiveCfg = Release|Any CPU
		{B0C26E40-8FC1-47A0-B88B-EB153A22F73C}.Release|Any CPU.Build.0 = Release|Any CPU
	EndGlobalSection
	GlobalSection(SolutionProperties) = preSolution
		HideSolutionNode = FALSE
	EndGlobalSection
EndGlobal
